
PODS:
- AFNetworking (1.0)
- ObjectiveRecord (1.01)
- TPKeyboardAvoiding (0.0.1)

DEPENDENCIES:
- AFNetworking (= 1.0)
- ObjectiveRecord
- TPKeyboardAvoiding

SPEC CHECKSUMS:
  AFNetworking: e9e0911a6afd846691672a4d832fb531e8bae72f
  ObjectiveRecord: c4a9b7bf823d5664891f5f405a89472045756785
  TPKeyboardAvoiding: 129e3c55ac9165d0692e66f02fd1f611d917ec1a

COCOAPODS: 0.15.0
