// !$*UTF8*$!
{
	archiveVersion = 1;
	classes = {
	};
	objectVersion = 46;
	objects = {

/* Begin PBXBuildFile section */
		183EDE67F4614EA7B821087D /* libPods.a in Frameworks */ = {isa = PBXBuildFile; fileRef = 0C53D467431945D9A56F0FD1 /* libPods.a */; };
		95766567164125B400B68687 /* UIKit.framework in Frameworks */ = {isa = PBXBuildFile; fileRef = 95766566164125B400B68687 /* UIKit.framework */; };
		95766569164125B400B68687 /* Foundation.framework in Frameworks */ = {isa = PBXBuildFile; fileRef = 95766568164125B400B68687 /* Foundation.framework */; };
		9576656B164125B400B68687 /* CoreGraphics.framework in Frameworks */ = {isa = PBXBuildFile; fileRef = 9576656A164125B400B68687 /* CoreGraphics.framework */; };
		9576656D164125B400B68687 /* CoreData.framework in Frameworks */ = {isa = PBXBuildFile; fileRef = 9576656C164125B400B68687 /* CoreData.framework */; };
		95766573164125B400B68687 /* InfoPlist.strings in Resources */ = {isa = PBXBuildFile; fileRef = 95766571164125B400B68687 /* InfoPlist.strings */; };
		95766575164125B400B68687 /* main.m in Sources */ = {isa = PBXBuildFile; fileRef = 95766574164125B400B68687 /* main.m */; };
		95766579164125B400B68687 /* AppDelegate.m in Sources */ = {isa = PBXBuildFile; fileRef = 95766578164125B400B68687 /* AppDelegate.m */; };
		9576657B164125B400B68687 /* Default.png in Resources */ = {isa = PBXBuildFile; fileRef = 9576657A164125B400B68687 /* Default.png */; };
		9576657D164125B400B68687 /* Default@2x.png in Resources */ = {isa = PBXBuildFile; fileRef = 9576657C164125B400B68687 /* Default@2x.png */; };
		9576657F164125B400B68687 /* Default-568h@2x.png in Resources */ = {isa = PBXBuildFile; fileRef = 9576657E164125B400B68687 /* Default-568h@2x.png */; };
		95766582164125B400B68687 /* MagBoard.xcdatamodeld in Sources */ = {isa = PBXBuildFile; fileRef = 95766580164125B400B68687 /* MagBoard.xcdatamodeld */; };
		9576658A164125B400B68687 /* SenTestingKit.framework in Frameworks */ = {isa = PBXBuildFile; fileRef = 95766589164125B400B68687 /* SenTestingKit.framework */; };
		9576658B164125B400B68687 /* UIKit.framework in Frameworks */ = {isa = PBXBuildFile; fileRef = 95766566164125B400B68687 /* UIKit.framework */; };
		9576658C164125B400B68687 /* Foundation.framework in Frameworks */ = {isa = PBXBuildFile; fileRef = 95766568164125B400B68687 /* Foundation.framework */; };
		9576658D164125B400B68687 /* CoreData.framework in Frameworks */ = {isa = PBXBuildFile; fileRef = 9576656C164125B400B68687 /* CoreData.framework */; };
		95766595164125B400B68687 /* InfoPlist.strings in Resources */ = {isa = PBXBuildFile; fileRef = 95766593164125B400B68687 /* InfoPlist.strings */; };
		95766598164125B400B68687 /* MagBoardTests.m in Sources */ = {isa = PBXBuildFile; fileRef = 95766597164125B400B68687 /* MagBoardTests.m */; };
		957665D11641314800B68687 /* QuartzCore.framework in Frameworks */ = {isa = PBXBuildFile; fileRef = 957665D01641314800B68687 /* QuartzCore.framework */; };
		957665D41641328900B68687 /* CustomNavBar.m in Sources */ = {isa = PBXBuildFile; fileRef = 957665D31641328900B68687 /* CustomNavBar.m */; };
		957665DE1641338800B68687 /* back_button_top.png in Resources */ = {isa = PBXBuildFile; fileRef = 957665D51641338800B68687 /* back_button_top.png */; };
		957665DF1641338800B68687 /* button_full_width_grey.png in Resources */ = {isa = PBXBuildFile; fileRef = 957665D61641338800B68687 /* button_full_width_grey.png */; };
		957665E01641338800B68687 /* button_half_grey.png in Resources */ = {isa = PBXBuildFile; fileRef = 957665D71641338800B68687 /* button_half_grey.png */; };
		957665E11641338800B68687 /* input_black_full_width.png in Resources */ = {isa = PBXBuildFile; fileRef = 957665D81641338800B68687 /* input_black_full_width.png */; };
		957665E21641338800B68687 /* logo.png in Resources */ = {isa = PBXBuildFile; fileRef = 957665D91641338800B68687 /* logo.png */; };
		957665E31641338800B68687 /* navbar.png in Resources */ = {isa = PBXBuildFile; fileRef = 957665DA1641338800B68687 /* navbar.png */; };
		957665E41641338800B68687 /* order_holder_completed.png in Resources */ = {isa = PBXBuildFile; fileRef = 957665DB1641338800B68687 /* order_holder_completed.png */; };
		957665E51641338800B68687 /* order_holder_pending.png in Resources */ = {isa = PBXBuildFile; fileRef = 957665DC1641338800B68687 /* order_holder_pending.png */; };
		957665E61641338800B68687 /* order_holder_processing.png in Resources */ = {isa = PBXBuildFile; fileRef = 957665DD1641338800B68687 /* order_holder_processing.png */; };
		957665F11641339800B68687 /* back_button_top@2x.png in Resources */ = {isa = PBXBuildFile; fileRef = 957665E71641339800B68687 /* back_button_top@2x.png */; };
		957665F21641339800B68687 /* button_full_width_grey@2x.png in Resources */ = {isa = PBXBuildFile; fileRef = 957665E81641339800B68687 /* button_full_width_grey@2x.png */; };
		957665F31641339800B68687 /* button_half_grey@2x.png in Resources */ = {isa = PBXBuildFile; fileRef = 957665E91641339800B68687 /* button_half_grey@2x.png */; };
		957665F41641339800B68687 /* input_black_full_width@2x.png in Resources */ = {isa = PBXBuildFile; fileRef = 957665EA1641339800B68687 /* input_black_full_width@2x.png */; };
		957665F51641339800B68687 /* linnen_bg@2x.png in Resources */ = {isa = PBXBuildFile; fileRef = 957665EB1641339800B68687 /* linnen_bg@2x.png */; };
		957665F61641339800B68687 /* logo@2x.png in Resources */ = {isa = PBXBuildFile; fileRef = 957665EC1641339800B68687 /* logo@2x.png */; };
		957665F71641339800B68687 /* navbar@2x.png in Resources */ = {isa = PBXBuildFile; fileRef = 957665ED1641339800B68687 /* navbar@2x.png */; };
		957665F81641339800B68687 /* order_holder_completed@2x.png in Resources */ = {isa = PBXBuildFile; fileRef = 957665EE1641339800B68687 /* order_holder_completed@2x.png */; };
		957665F91641339800B68687 /* order_holder_pending@2x.png in Resources */ = {isa = PBXBuildFile; fileRef = 957665EF1641339800B68687 /* order_holder_pending@2x.png */; };
		957665FA1641339800B68687 /* order_holder_processing@2x.png in Resources */ = {isa = PBXBuildFile; fileRef = 957665F01641339800B68687 /* order_holder_processing@2x.png */; };
		957666081641368D00B68687 /* UIButton.m in Sources */ = {isa = PBXBuildFile; fileRef = 957666071641368D00B68687 /* UIButton.m */; };
		9576660C164136E300B68687 /* UIBarButtonItem.m in Sources */ = {isa = PBXBuildFile; fileRef = 9576660B164136E300B68687 /* UIBarButtonItem.m */; };
		9576660F164138B700B68687 /* AllWebshopsVC.m in Sources */ = {isa = PBXBuildFile; fileRef = 9576660E164138B700B68687 /* AllWebshopsVC.m */; };
		9576661216413CDB00B68687 /* Webshop.m in Sources */ = {isa = PBXBuildFile; fileRef = 9576661116413CDB00B68687 /* Webshop.m */; };
		95766615164142D700B68687 /* ShopSingleton.m in Sources */ = {isa = PBXBuildFile; fileRef = 95766614164142D700B68687 /* ShopSingleton.m */; };
		9576661B1641446F00B68687 /* OrdersVC.m in Sources */ = {isa = PBXBuildFile; fileRef = 9576661A1641446F00B68687 /* OrdersVC.m */; };
		9576661E16414BFD00B68687 /* AddShopVC.m in Sources */ = {isa = PBXBuildFile; fileRef = 9576661D16414BFD00B68687 /* AddShopVC.m */; };
		9576662116414C2000B68687 /* InstructionsVC.m in Sources */ = {isa = PBXBuildFile; fileRef = 9576662016414C2000B68687 /* InstructionsVC.m */; };
		9576662316414D1300B68687 /* no_shops_text.png in Resources */ = {isa = PBXBuildFile; fileRef = 9576662216414D1300B68687 /* no_shops_text.png */; };
		9576662516414D2400B68687 /* no_shops_text@2x.png in Resources */ = {isa = PBXBuildFile; fileRef = 9576662416414D2400B68687 /* no_shops_text@2x.png */; };
		95766628164156AA00B68687 /* MagboardInstructions.plist in Resources */ = {isa = PBXBuildFile; fileRef = 95766627164156AA00B68687 /* MagboardInstructions.plist */; };
		95924B90164A78AE0082A391 /* order_holder_canceled.png in Resources */ = {isa = PBXBuildFile; fileRef = 95924B8F164A78AE0082A391 /* order_holder_canceled.png */; };
		95924B93164A78BC0082A391 /* order_holder_canceled@2x.png in Resources */ = {isa = PBXBuildFile; fileRef = 95924B92164A78BC0082A391 /* order_holder_canceled@2x.png */; };
		959963F916483FC100DBB279 /* settings_button.png in Resources */ = {isa = PBXBuildFile; fileRef = 959963F816483FC100DBB279 /* settings_button.png */; };
		959963FC16483FD100DBB279 /* settings_button@2x.png in Resources */ = {isa = PBXBuildFile; fileRef = 959963FB16483FD100DBB279 /* settings_button@2x.png */; };
		9599640516491B7100DBB279 /* screenshot_webshop.png in Resources */ = {isa = PBXBuildFile; fileRef = 9599640416491B7100DBB279 /* screenshot_webshop.png */; };
		9599640816491B7C00DBB279 /* screenshot_webshop@2x.png in Resources */ = {isa = PBXBuildFile; fileRef = 9599640716491B7B00DBB279 /* screenshot_webshop@2x.png */; };
		9599640B1649396400DBB279 /* EditShopVC.m in Sources */ = {isa = PBXBuildFile; fileRef = 9599640A1649396400DBB279 /* EditShopVC.m */; };
		95B0B9EA1649ABD100061DD2 /* bar_button_empty.png in Resources */ = {isa = PBXBuildFile; fileRef = 95B0B9E91649ABD100061DD2 /* bar_button_empty.png */; };
		95B0B9ED1649ABDC00061DD2 /* bar_button_empty@2x.png in Resources */ = {isa = PBXBuildFile; fileRef = 95B0B9EC1649ABDC00061DD2 /* bar_button_empty@2x.png */; };
		CE8585881647DE3100F94506 /* OrderSingleton.m in Sources */ = {isa = PBXBuildFile; fileRef = CE8585871647DE3100F94506 /* OrderSingleton.m */; };
		CEC8C3F51647C17B0086A96E /* OrderInfoVC.m in Sources */ = {isa = PBXBuildFile; fileRef = CEC8C3F41647C17B0086A96E /* OrderInfoVC.m */; };
/* End PBXBuildFile section */

/* Begin PBXContainerItemProxy section */
		9576658E164125B400B68687 /* PBXContainerItemProxy */ = {
			isa = PBXContainerItemProxy;
			containerPortal = 95766559164125B400B68687 /* Project object */;
			proxyType = 1;
			remoteGlobalIDString = 95766561164125B400B68687;
			remoteInfo = MagBoard;
		};
/* End PBXContainerItemProxy section */

/* Begin PBXFileReference section */
		0C53D467431945D9A56F0FD1 /* libPods.a */ = {isa = PBXFileReference; explicitFileType = archive.ar; includeInIndex = 0; path = libPods.a; sourceTree = BUILT_PRODUCTS_DIR; };
		8886B73E60E04F26BDA416E3 /* Pods.xcconfig */ = {isa = PBXFileReference; includeInIndex = 1; lastKnownFileType = text.xcconfig; name = Pods.xcconfig; path = Pods/Pods.xcconfig; sourceTree = SOURCE_ROOT; };
		95766562164125B400B68687 /* MagBoard.app */ = {isa = PBXFileReference; explicitFileType = wrapper.application; includeInIndex = 0; path = MagBoard.app; sourceTree = BUILT_PRODUCTS_DIR; };
		95766566164125B400B68687 /* UIKit.framework */ = {isa = PBXFileReference; includeInIndex = 1; lastKnownFileType = wrapper.framework; name = UIKit.framework; path = System/Library/Frameworks/UIKit.framework; sourceTree = SDKROOT; };
		95766568164125B400B68687 /* Foundation.framework */ = {isa = PBXFileReference; includeInIndex = 1; lastKnownFileType = wrapper.framework; name = Foundation.framework; path = System/Library/Frameworks/Foundation.framework; sourceTree = SDKROOT; };
		9576656A164125B400B68687 /* CoreGraphics.framework */ = {isa = PBXFileReference; includeInIndex = 1; lastKnownFileType = wrapper.framework; name = CoreGraphics.framework; path = System/Library/Frameworks/CoreGraphics.framework; sourceTree = SDKROOT; };
		9576656C164125B400B68687 /* CoreData.framework */ = {isa = PBXFileReference; includeInIndex = 1; lastKnownFileType = wrapper.framework; name = CoreData.framework; path = System/Library/Frameworks/CoreData.framework; sourceTree = SDKROOT; };
		95766570164125B400B68687 /* MagBoard-Info.plist */ = {isa = PBXFileReference; lastKnownFileType = text.plist.xml; path = "MagBoard-Info.plist"; sourceTree = "<group>"; };
		95766572164125B400B68687 /* en */ = {isa = PBXFileReference; lastKnownFileType = text.plist.strings; name = en; path = en.lproj/InfoPlist.strings; sourceTree = "<group>"; };
		95766574164125B400B68687 /* main.m */ = {isa = PBXFileReference; lastKnownFileType = sourcecode.c.objc; path = main.m; sourceTree = "<group>"; };
		95766576164125B400B68687 /* MagBoard-Prefix.pch */ = {isa = PBXFileReference; lastKnownFileType = sourcecode.c.h; path = "MagBoard-Prefix.pch"; sourceTree = "<group>"; };
		95766577164125B400B68687 /* AppDelegate.h */ = {isa = PBXFileReference; lastKnownFileType = sourcecode.c.h; path = AppDelegate.h; sourceTree = "<group>"; };
		95766578164125B400B68687 /* AppDelegate.m */ = {isa = PBXFileReference; lastKnownFileType = sourcecode.c.objc; path = AppDelegate.m; sourceTree = "<group>"; };
		9576657A164125B400B68687 /* Default.png */ = {isa = PBXFileReference; lastKnownFileType = image.png; path = Default.png; sourceTree = "<group>"; };
		9576657C164125B400B68687 /* Default@2x.png */ = {isa = PBXFileReference; lastKnownFileType = image.png; path = "Default@2x.png"; sourceTree = "<group>"; };
		9576657E164125B400B68687 /* Default-568h@2x.png */ = {isa = PBXFileReference; lastKnownFileType = image.png; path = "Default-568h@2x.png"; sourceTree = "<group>"; };
		95766581164125B400B68687 /* MagBoard.xcdatamodel */ = {isa = PBXFileReference; lastKnownFileType = wrapper.xcdatamodel; path = MagBoard.xcdatamodel; sourceTree = "<group>"; };
		95766588164125B400B68687 /* MagBoardTests.octest */ = {isa = PBXFileReference; explicitFileType = wrapper.cfbundle; includeInIndex = 0; path = MagBoardTests.octest; sourceTree = BUILT_PRODUCTS_DIR; };
		95766589164125B400B68687 /* SenTestingKit.framework */ = {isa = PBXFileReference; lastKnownFileType = wrapper.framework; name = SenTestingKit.framework; path = Library/Frameworks/SenTestingKit.framework; sourceTree = DEVELOPER_DIR; };
		95766592164125B400B68687 /* MagBoardTests-Info.plist */ = {isa = PBXFileReference; lastKnownFileType = text.plist.xml; path = "MagBoardTests-Info.plist"; sourceTree = "<group>"; };
		95766594164125B400B68687 /* en */ = {isa = PBXFileReference; lastKnownFileType = text.plist.strings; name = en; path = en.lproj/InfoPlist.strings; sourceTree = "<group>"; };
		95766596164125B400B68687 /* MagBoardTests.h */ = {isa = PBXFileReference; lastKnownFileType = sourcecode.c.h; path = MagBoardTests.h; sourceTree = "<group>"; };
		95766597164125B400B68687 /* MagBoardTests.m */ = {isa = PBXFileReference; lastKnownFileType = sourcecode.c.objc; path = MagBoardTests.m; sourceTree = "<group>"; };
		957665CD1641308A00B68687 /* Helpers.h */ = {isa = PBXFileReference; fileEncoding = 4; lastKnownFileType = sourcecode.c.h; name = Helpers.h; path = Helpers/Helpers.h; sourceTree = "<group>"; };
		957665D01641314800B68687 /* QuartzCore.framework */ = {isa = PBXFileReference; lastKnownFileType = wrapper.framework; name = QuartzCore.framework; path = System/Library/Frameworks/QuartzCore.framework; sourceTree = SDKROOT; };
		957665D21641328900B68687 /* CustomNavBar.h */ = {isa = PBXFileReference; fileEncoding = 4; lastKnownFileType = sourcecode.c.h; name = CustomNavBar.h; path = Helpers/UI/CustomNavBar.h; sourceTree = "<group>"; };
		957665D31641328900B68687 /* CustomNavBar.m */ = {isa = PBXFileReference; fileEncoding = 4; lastKnownFileType = sourcecode.c.objc; name = CustomNavBar.m; path = Helpers/UI/CustomNavBar.m; sourceTree = "<group>"; };
		957665D51641338800B68687 /* back_button_top.png */ = {isa = PBXFileReference; lastKnownFileType = image.png; name = back_button_top.png; path = "Resources/Images/Non-retina/back_button_top.png"; sourceTree = "<group>"; };
		957665D61641338800B68687 /* button_full_width_grey.png */ = {isa = PBXFileReference; lastKnownFileType = image.png; name = button_full_width_grey.png; path = "Resources/Images/Non-retina/button_full_width_grey.png"; sourceTree = "<group>"; };
		957665D71641338800B68687 /* button_half_grey.png */ = {isa = PBXFileReference; lastKnownFileType = image.png; name = button_half_grey.png; path = "Resources/Images/Non-retina/button_half_grey.png"; sourceTree = "<group>"; };
		957665D81641338800B68687 /* input_black_full_width.png */ = {isa = PBXFileReference; lastKnownFileType = image.png; name = input_black_full_width.png; path = "Resources/Images/Non-retina/input_black_full_width.png"; sourceTree = "<group>"; };
		957665D91641338800B68687 /* logo.png */ = {isa = PBXFileReference; lastKnownFileType = image.png; name = logo.png; path = "Resources/Images/Non-retina/logo.png"; sourceTree = "<group>"; };
		957665DA1641338800B68687 /* navbar.png */ = {isa = PBXFileReference; lastKnownFileType = image.png; name = navbar.png; path = "Resources/Images/Non-retina/navbar.png"; sourceTree = "<group>"; };
		957665DB1641338800B68687 /* order_holder_completed.png */ = {isa = PBXFileReference; lastKnownFileType = image.png; name = order_holder_completed.png; path = "Resources/Images/Non-retina/order_holder_completed.png"; sourceTree = "<group>"; };
		957665DC1641338800B68687 /* order_holder_pending.png */ = {isa = PBXFileReference; lastKnownFileType = image.png; name = order_holder_pending.png; path = "Resources/Images/Non-retina/order_holder_pending.png"; sourceTree = "<group>"; };
		957665DD1641338800B68687 /* order_holder_processing.png */ = {isa = PBXFileReference; lastKnownFileType = image.png; name = order_holder_processing.png; path = "Resources/Images/Non-retina/order_holder_processing.png"; sourceTree = "<group>"; };
		957665E71641339800B68687 /* back_button_top@2x.png */ = {isa = PBXFileReference; lastKnownFileType = image.png; name = "back_button_top@2x.png"; path = "Resources/Images/Retina/back_button_top@2x.png"; sourceTree = "<group>"; };
		957665E81641339800B68687 /* button_full_width_grey@2x.png */ = {isa = PBXFileReference; lastKnownFileType = image.png; name = "button_full_width_grey@2x.png"; path = "Resources/Images/Retina/button_full_width_grey@2x.png"; sourceTree = "<group>"; };
		957665E91641339800B68687 /* button_half_grey@2x.png */ = {isa = PBXFileReference; lastKnownFileType = image.png; name = "button_half_grey@2x.png"; path = "Resources/Images/Retina/button_half_grey@2x.png"; sourceTree = "<group>"; };
		957665EA1641339800B68687 /* input_black_full_width@2x.png */ = {isa = PBXFileReference; lastKnownFileType = image.png; name = "input_black_full_width@2x.png"; path = "Resources/Images/Retina/input_black_full_width@2x.png"; sourceTree = "<group>"; };
		957665EB1641339800B68687 /* linnen_bg@2x.png */ = {isa = PBXFileReference; lastKnownFileType = image.png; name = "linnen_bg@2x.png"; path = "Resources/Images/Retina/linnen_bg@2x.png"; sourceTree = "<group>"; };
		957665EC1641339800B68687 /* logo@2x.png */ = {isa = PBXFileReference; lastKnownFileType = image.png; name = "logo@2x.png"; path = "Resources/Images/Retina/logo@2x.png"; sourceTree = "<group>"; };
		957665ED1641339800B68687 /* navbar@2x.png */ = {isa = PBXFileReference; lastKnownFileType = image.png; name = "navbar@2x.png"; path = "Resources/Images/Retina/navbar@2x.png"; sourceTree = "<group>"; };
		957665EE1641339800B68687 /* order_holder_completed@2x.png */ = {isa = PBXFileReference; lastKnownFileType = image.png; name = "order_holder_completed@2x.png"; path = "Resources/Images/Retina/order_holder_completed@2x.png"; sourceTree = "<group>"; };
		957665EF1641339800B68687 /* order_holder_pending@2x.png */ = {isa = PBXFileReference; lastKnownFileType = image.png; name = "order_holder_pending@2x.png"; path = "Resources/Images/Retina/order_holder_pending@2x.png"; sourceTree = "<group>"; };
		957665F01641339800B68687 /* order_holder_processing@2x.png */ = {isa = PBXFileReference; lastKnownFileType = image.png; name = "order_holder_processing@2x.png"; path = "Resources/Images/Retina/order_holder_processing@2x.png"; sourceTree = "<group>"; };
		957666061641368D00B68687 /* UIButton.h */ = {isa = PBXFileReference; fileEncoding = 4; lastKnownFileType = sourcecode.c.h; name = UIButton.h; path = Helpers/UI/UIButton.h; sourceTree = "<group>"; };
		957666071641368D00B68687 /* UIButton.m */ = {isa = PBXFileReference; fileEncoding = 4; lastKnownFileType = sourcecode.c.objc; name = UIButton.m; path = Helpers/UI/UIButton.m; sourceTree = "<group>"; };
		9576660A164136E300B68687 /* UIBarButtonItem.h */ = {isa = PBXFileReference; fileEncoding = 4; lastKnownFileType = sourcecode.c.h; name = UIBarButtonItem.h; path = Helpers/UI/UIBarButtonItem.h; sourceTree = "<group>"; };
		9576660B164136E300B68687 /* UIBarButtonItem.m */ = {isa = PBXFileReference; fileEncoding = 4; lastKnownFileType = sourcecode.c.objc; name = UIBarButtonItem.m; path = Helpers/UI/UIBarButtonItem.m; sourceTree = "<group>"; };
		9576660D164138B700B68687 /* AllWebshopsVC.h */ = {isa = PBXFileReference; fileEncoding = 4; lastKnownFileType = sourcecode.c.h; name = AllWebshopsVC.h; path = Views/Webshops/AllWebshopsVC.h; sourceTree = "<group>"; };
		9576660E164138B700B68687 /* AllWebshopsVC.m */ = {isa = PBXFileReference; fileEncoding = 4; lastKnownFileType = sourcecode.c.objc; name = AllWebshopsVC.m; path = Views/Webshops/AllWebshopsVC.m; sourceTree = "<group>"; };
		9576661016413CDB00B68687 /* Webshop.h */ = {isa = PBXFileReference; fileEncoding = 4; lastKnownFileType = sourcecode.c.h; name = Webshop.h; path = Models/Webshop/Webshop.h; sourceTree = "<group>"; };
		9576661116413CDB00B68687 /* Webshop.m */ = {isa = PBXFileReference; fileEncoding = 4; lastKnownFileType = sourcecode.c.objc; name = Webshop.m; path = Models/Webshop/Webshop.m; sourceTree = "<group>"; };
		95766613164142D600B68687 /* ShopSingleton.h */ = {isa = PBXFileReference; fileEncoding = 4; lastKnownFileType = sourcecode.c.h; name = ShopSingleton.h; path = Models/Webshop/ShopSingleton.h; sourceTree = "<group>"; };
		95766614164142D700B68687 /* ShopSingleton.m */ = {isa = PBXFileReference; fileEncoding = 4; lastKnownFileType = sourcecode.c.objc; name = ShopSingleton.m; path = Models/Webshop/ShopSingleton.m; sourceTree = "<group>"; };
		957666191641446F00B68687 /* OrdersVC.h */ = {isa = PBXFileReference; fileEncoding = 4; lastKnownFileType = sourcecode.c.h; name = OrdersVC.h; path = Views/Orders/OrdersVC.h; sourceTree = "<group>"; };
		9576661A1641446F00B68687 /* OrdersVC.m */ = {isa = PBXFileReference; fileEncoding = 4; lastKnownFileType = sourcecode.c.objc; name = OrdersVC.m; path = Views/Orders/OrdersVC.m; sourceTree = "<group>"; };
		9576661C16414BFC00B68687 /* AddShopVC.h */ = {isa = PBXFileReference; fileEncoding = 4; lastKnownFileType = sourcecode.c.h; name = AddShopVC.h; path = Views/Webshops/AddShopVC.h; sourceTree = "<group>"; };
		9576661D16414BFD00B68687 /* AddShopVC.m */ = {isa = PBXFileReference; fileEncoding = 4; lastKnownFileType = sourcecode.c.objc; name = AddShopVC.m; path = Views/Webshops/AddShopVC.m; sourceTree = "<group>"; };
		9576661F16414C2000B68687 /* InstructionsVC.h */ = {isa = PBXFileReference; fileEncoding = 4; lastKnownFileType = sourcecode.c.h; name = InstructionsVC.h; path = Views/Instructions/InstructionsVC.h; sourceTree = "<group>"; };
		9576662016414C2000B68687 /* InstructionsVC.m */ = {isa = PBXFileReference; fileEncoding = 4; lastKnownFileType = sourcecode.c.objc; name = InstructionsVC.m; path = Views/Instructions/InstructionsVC.m; sourceTree = "<group>"; };
		9576662216414D1300B68687 /* no_shops_text.png */ = {isa = PBXFileReference; lastKnownFileType = image.png; name = no_shops_text.png; path = "Resources/Images/Non-retina/no_shops_text.png"; sourceTree = "<group>"; };
		9576662416414D2400B68687 /* no_shops_text@2x.png */ = {isa = PBXFileReference; lastKnownFileType = image.png; name = "no_shops_text@2x.png"; path = "Resources/Images/Retina/no_shops_text@2x.png"; sourceTree = "<group>"; };
		95766627164156AA00B68687 /* MagboardInstructions.plist */ = {isa = PBXFileReference; fileEncoding = 4; lastKnownFileType = text.plist.xml; name = MagboardInstructions.plist; path = Resources/Plists/MagboardInstructions.plist; sourceTree = "<group>"; };
		95924B8F164A78AE0082A391 /* order_holder_canceled.png */ = {isa = PBXFileReference; lastKnownFileType = image.png; name = order_holder_canceled.png; path = "Resources/Images/Non-retina/order_holder_canceled.png"; sourceTree = "<group>"; };
		95924B92164A78BC0082A391 /* order_holder_canceled@2x.png */ = {isa = PBXFileReference; lastKnownFileType = image.png; name = "order_holder_canceled@2x.png"; path = "Resources/Images/Retina/order_holder_canceled@2x.png"; sourceTree = "<group>"; };
		959963F816483FC100DBB279 /* settings_button.png */ = {isa = PBXFileReference; lastKnownFileType = image.png; name = settings_button.png; path = "Resources/Images/Non-retina/settings_button.png"; sourceTree = "<group>"; };
		959963FB16483FD100DBB279 /* settings_button@2x.png */ = {isa = PBXFileReference; lastKnownFileType = image.png; name = "settings_button@2x.png"; path = "Resources/Images/Retina/settings_button@2x.png"; sourceTree = "<group>"; };
		9599640416491B7100DBB279 /* screenshot_webshop.png */ = {isa = PBXFileReference; lastKnownFileType = image.png; name = screenshot_webshop.png; path = "Resources/Images/Non-retina/screenshot_webshop.png"; sourceTree = "<group>"; };
		9599640716491B7B00DBB279 /* screenshot_webshop@2x.png */ = {isa = PBXFileReference; lastKnownFileType = image.png; name = "screenshot_webshop@2x.png"; path = "Resources/Images/Retina/screenshot_webshop@2x.png"; sourceTree = "<group>"; };
		959964091649396400DBB279 /* EditShopVC.h */ = {isa = PBXFileReference; fileEncoding = 4; lastKnownFileType = sourcecode.c.h; name = EditShopVC.h; path = Views/Webshops/EditShopVC.h; sourceTree = "<group>"; };
		9599640A1649396400DBB279 /* EditShopVC.m */ = {isa = PBXFileReference; fileEncoding = 4; lastKnownFileType = sourcecode.c.objc; name = EditShopVC.m; path = Views/Webshops/EditShopVC.m; sourceTree = "<group>"; };
		95B0B9E91649ABD100061DD2 /* bar_button_empty.png */ = {isa = PBXFileReference; lastKnownFileType = image.png; name = bar_button_empty.png; path = "Resources/Images/Non-retina/bar_button_empty.png"; sourceTree = "<group>"; };
		95B0B9EC1649ABDC00061DD2 /* bar_button_empty@2x.png */ = {isa = PBXFileReference; lastKnownFileType = image.png; name = "bar_button_empty@2x.png"; path = "Resources/Images/Retina/bar_button_empty@2x.png"; sourceTree = "<group>"; };
		CE8585861647DE3100F94506 /* OrderSingleton.h */ = {isa = PBXFileReference; fileEncoding = 4; lastKnownFileType = sourcecode.c.h; name = OrderSingleton.h; path = Models/Orders/OrderSingleton.h; sourceTree = "<group>"; };
		CE8585871647DE3100F94506 /* OrderSingleton.m */ = {isa = PBXFileReference; fileEncoding = 4; lastKnownFileType = sourcecode.c.objc; name = OrderSingleton.m; path = Models/Orders/OrderSingleton.m; sourceTree = "<group>"; };
		CEC8C3F31647C17B0086A96E /* OrderInfoVC.h */ = {isa = PBXFileReference; fileEncoding = 4; lastKnownFileType = sourcecode.c.h; name = OrderInfoVC.h; path = Views/Orders/OrderInfoVC.h; sourceTree = "<group>"; };
		CEC8C3F41647C17B0086A96E /* OrderInfoVC.m */ = {isa = PBXFileReference; fileEncoding = 4; lastKnownFileType = sourcecode.c.objc; name = OrderInfoVC.m; path = Views/Orders/OrderInfoVC.m; sourceTree = "<group>"; };
/* End PBXFileReference section */

/* Begin PBXFrameworksBuildPhase section */
		9576655F164125B400B68687 /* Frameworks */ = {
			isa = PBXFrameworksBuildPhase;
			buildActionMask = 2147483647;
			files = (
				957665D11641314800B68687 /* QuartzCore.framework in Frameworks */,
				95766567164125B400B68687 /* UIKit.framework in Frameworks */,
				95766569164125B400B68687 /* Foundation.framework in Frameworks */,
				9576656B164125B400B68687 /* CoreGraphics.framework in Frameworks */,
				9576656D164125B400B68687 /* CoreData.framework in Frameworks */,
				183EDE67F4614EA7B821087D /* libPods.a in Frameworks */,
			);
			runOnlyForDeploymentPostprocessing = 0;
		};
		95766584164125B400B68687 /* Frameworks */ = {
			isa = PBXFrameworksBuildPhase;
			buildActionMask = 2147483647;
			files = (
				9576658A164125B400B68687 /* SenTestingKit.framework in Frameworks */,
				9576658B164125B400B68687 /* UIKit.framework in Frameworks */,
				9576658C164125B400B68687 /* Foundation.framework in Frameworks */,
				9576658D164125B400B68687 /* CoreData.framework in Frameworks */,
			);
			runOnlyForDeploymentPostprocessing = 0;
		};
/* End PBXFrameworksBuildPhase section */

/* Begin PBXGroup section */
		95766557164125B400B68687 = {
			isa = PBXGroup;
			children = (
				9576656E164125B400B68687 /* MagBoard */,
				95766590164125B400B68687 /* MagBoardTests */,
				95766565164125B400B68687 /* Frameworks */,
				95766563164125B400B68687 /* Products */,
				8886B73E60E04F26BDA416E3 /* Pods.xcconfig */,
			);
			sourceTree = "<group>";
		};
		95766563164125B400B68687 /* Products */ = {
			isa = PBXGroup;
			children = (
				95766562164125B400B68687 /* MagBoard.app */,
				95766588164125B400B68687 /* MagBoardTests.octest */,
			);
			name = Products;
			sourceTree = "<group>";
		};
		95766565164125B400B68687 /* Frameworks */ = {
			isa = PBXGroup;
			children = (
				957665D01641314800B68687 /* QuartzCore.framework */,
				95766566164125B400B68687 /* UIKit.framework */,
				95766568164125B400B68687 /* Foundation.framework */,
				9576656A164125B400B68687 /* CoreGraphics.framework */,
				9576656C164125B400B68687 /* CoreData.framework */,
				95766589164125B400B68687 /* SenTestingKit.framework */,
				0C53D467431945D9A56F0FD1 /* libPods.a */,
			);
			name = Frameworks;
			sourceTree = "<group>";
		};
		9576656E164125B400B68687 /* MagBoard */ = {
			isa = PBXGroup;
			children = (
				957665BD16412EEE00B68687 /* Resources */,
				957665BC16412ECE00B68687 /* Helpers */,
				957665BB16412EC200B68687 /* Core data */,
				957665BA16412EA900B68687 /* Controllers */,
				957665B916412EA200B68687 /* Views */,
				957665B716412E9B00B68687 /* Models */,
				95766577164125B400B68687 /* AppDelegate.h */,
				95766578164125B400B68687 /* AppDelegate.m */,
				9576656F164125B400B68687 /* Supporting Files */,
			);
			path = MagBoard;
			sourceTree = "<group>";
		};
		9576656F164125B400B68687 /* Supporting Files */ = {
			isa = PBXGroup;
			children = (
				95766570164125B400B68687 /* MagBoard-Info.plist */,
				95766571164125B400B68687 /* InfoPlist.strings */,
				95766574164125B400B68687 /* main.m */,
				95766576164125B400B68687 /* MagBoard-Prefix.pch */,
				9576657A164125B400B68687 /* Default.png */,
				9576657C164125B400B68687 /* Default@2x.png */,
				9576657E164125B400B68687 /* Default-568h@2x.png */,
			);
			name = "Supporting Files";
			sourceTree = "<group>";
		};
		95766590164125B400B68687 /* MagBoardTests */ = {
			isa = PBXGroup;
			children = (
				95766596164125B400B68687 /* MagBoardTests.h */,
				95766597164125B400B68687 /* MagBoardTests.m */,
				95766591164125B400B68687 /* Supporting Files */,
			);
			path = MagBoardTests;
			sourceTree = "<group>";
		};
		95766591164125B400B68687 /* Supporting Files */ = {
			isa = PBXGroup;
			children = (
				95766592164125B400B68687 /* MagBoardTests-Info.plist */,
				95766593164125B400B68687 /* InfoPlist.strings */,
			);
			name = "Supporting Files";
			sourceTree = "<group>";
		};
		957665B716412E9B00B68687 /* Models */ = {
			isa = PBXGroup;
			children = (
				957665CB16412FCF00B68687 /* Instructions */,
				957665CA16412FC500B68687 /* Webshops */,
				957665C916412FC000B68687 /* Orders */,
				957665C816412FB600B68687 /* Invoices */,
			);
			name = Models;
			sourceTree = "<group>";
		};
		957665B916412EA200B68687 /* Views */ = {
			isa = PBXGroup;
			children = (
				957665C416412F8100B68687 /* Instructions */,
				957665C716412F9000B68687 /* Webshops */,
				957665C616412F8C00B68687 /* Orders */,
				957665C516412F8600B68687 /* Invoices */,
			);
			name = Views;
			sourceTree = "<group>";
		};
		957665BA16412EA900B68687 /* Controllers */ = {
			isa = PBXGroup;
			children = (
				957665C316412F3D00B68687 /* Instructions */,
				957665C016412F1F00B68687 /* Webshops */,
				957665C116412F2A00B68687 /* Orders */,
				957665C216412F2F00B68687 /* Invoices */,
			);
			name = Controllers;
			sourceTree = "<group>";
		};
		957665BB16412EC200B68687 /* Core data */ = {
			isa = PBXGroup;
			children = (
				95766580164125B400B68687 /* MagBoard.xcdatamodeld */,
			);
			name = "Core data";
			sourceTree = "<group>";
		};
		957665BC16412ECE00B68687 /* Helpers */ = {
			isa = PBXGroup;
			children = (
				957665CC16412FE100B68687 /* User interface */,
				957665CD1641308A00B68687 /* Helpers.h */,
			);
			name = Helpers;
			sourceTree = "<group>";
		};
		957665BD16412EEE00B68687 /* Resources */ = {
			isa = PBXGroup;
			children = (
				957666261641569D00B68687 /* Plist */,
				957665BF16412EFB00B68687 /* Non-retina */,
				957665BE16412EF400B68687 /* Retina */,
			);
			name = Resources;
			sourceTree = "<group>";
		};
		957665BE16412EF400B68687 /* Retina */ = {
			isa = PBXGroup;
			children = (
				95924B92164A78BC0082A391 /* order_holder_canceled@2x.png */,
				95B0B9EC1649ABDC00061DD2 /* bar_button_empty@2x.png */,
				9599640716491B7B00DBB279 /* screenshot_webshop@2x.png */,
				959963FB16483FD100DBB279 /* settings_button@2x.png */,
				9576662416414D2400B68687 /* no_shops_text@2x.png */,
				957665E71641339800B68687 /* back_button_top@2x.png */,
				957665E81641339800B68687 /* button_full_width_grey@2x.png */,
				957665E91641339800B68687 /* button_half_grey@2x.png */,
				957665EA1641339800B68687 /* input_black_full_width@2x.png */,
				957665EB1641339800B68687 /* linnen_bg@2x.png */,
				957665EC1641339800B68687 /* logo@2x.png */,
				957665ED1641339800B68687 /* navbar@2x.png */,
				957665EE1641339800B68687 /* order_holder_completed@2x.png */,
				957665EF1641339800B68687 /* order_holder_pending@2x.png */,
				957665F01641339800B68687 /* order_holder_processing@2x.png */,
			);
			name = Retina;
			sourceTree = "<group>";
		};
		957665BF16412EFB00B68687 /* Non-retina */ = {
			isa = PBXGroup;
			children = (
				95924B8F164A78AE0082A391 /* order_holder_canceled.png */,
				95B0B9E91649ABD100061DD2 /* bar_button_empty.png */,
				9599640416491B7100DBB279 /* screenshot_webshop.png */,
				959963F816483FC100DBB279 /* settings_button.png */,
				9576662216414D1300B68687 /* no_shops_text.png */,
				957665D51641338800B68687 /* back_button_top.png */,
				957665D61641338800B68687 /* button_full_width_grey.png */,
				957665D71641338800B68687 /* button_half_grey.png */,
				957665D81641338800B68687 /* input_black_full_width.png */,
				957665D91641338800B68687 /* logo.png */,
				957665DA1641338800B68687 /* navbar.png */,
				957665DB1641338800B68687 /* order_holder_completed.png */,
				957665DC1641338800B68687 /* order_holder_pending.png */,
				957665DD1641338800B68687 /* order_holder_processing.png */,
			);
			name = "Non-retina";
			sourceTree = "<group>";
		};
		957665C016412F1F00B68687 /* Webshops */ = {
			isa = PBXGroup;
			children = (
			);
			name = Webshops;
			sourceTree = "<group>";
		};
		957665C116412F2A00B68687 /* Orders */ = {
			isa = PBXGroup;
			children = (
			);
			name = Orders;
			sourceTree = "<group>";
		};
		957665C216412F2F00B68687 /* Invoices */ = {
			isa = PBXGroup;
			children = (
			);
			name = Invoices;
			sourceTree = "<group>";
		};
		957665C316412F3D00B68687 /* Instructions */ = {
			isa = PBXGroup;
			children = (
			);
			name = Instructions;
			sourceTree = "<group>";
		};
		957665C416412F8100B68687 /* Instructions */ = {
			isa = PBXGroup;
			children = (
				9576661F16414C2000B68687 /* InstructionsVC.h */,
				9576662016414C2000B68687 /* InstructionsVC.m */,
			);
			name = Instructions;
			sourceTree = "<group>";
		};
		957665C516412F8600B68687 /* Invoices */ = {
			isa = PBXGroup;
			children = (
			);
			name = Invoices;
			sourceTree = "<group>";
		};
		957665C616412F8C00B68687 /* Orders */ = {
			isa = PBXGroup;
			children = (
				957666191641446F00B68687 /* OrdersVC.h */,
				9576661A1641446F00B68687 /* OrdersVC.m */,
				CEC8C3F31647C17B0086A96E /* OrderInfoVC.h */,
				CEC8C3F41647C17B0086A96E /* OrderInfoVC.m */,
			);
			name = Orders;
			sourceTree = "<group>";
		};
		957665C716412F9000B68687 /* Webshops */ = {
			isa = PBXGroup;
			children = (
				9576660D164138B700B68687 /* AllWebshopsVC.h */,
				9576660E164138B700B68687 /* AllWebshopsVC.m */,
				9576661C16414BFC00B68687 /* AddShopVC.h */,
				9576661D16414BFD00B68687 /* AddShopVC.m */,
				959964091649396400DBB279 /* EditShopVC.h */,
				9599640A1649396400DBB279 /* EditShopVC.m */,
			);
			name = Webshops;
			sourceTree = "<group>";
		};
		957665C816412FB600B68687 /* Invoices */ = {
			isa = PBXGroup;
			children = (
			);
			name = Invoices;
			sourceTree = "<group>";
		};
		957665C916412FC000B68687 /* Orders */ = {
			isa = PBXGroup;
			children = (
				CE8585861647DE3100F94506 /* OrderSingleton.h */,
				CE8585871647DE3100F94506 /* OrderSingleton.m */,
			);
			name = Orders;
			sourceTree = "<group>";
		};
		957665CA16412FC500B68687 /* Webshops */ = {
			isa = PBXGroup;
			children = (
				9576661016413CDB00B68687 /* Webshop.h */,
				9576661116413CDB00B68687 /* Webshop.m */,
				95766613164142D600B68687 /* ShopSingleton.h */,
				95766614164142D700B68687 /* ShopSingleton.m */,
			);
			name = Webshops;
			sourceTree = "<group>";
		};
		957665CB16412FCF00B68687 /* Instructions */ = {
			isa = PBXGroup;
			children = (
			);
			name = Instructions;
			sourceTree = "<group>";
		};
		957665CC16412FE100B68687 /* User interface */ = {
			isa = PBXGroup;
			children = (
				957665D21641328900B68687 /* CustomNavBar.h */,
				957665D31641328900B68687 /* CustomNavBar.m */,
				957666061641368D00B68687 /* UIButton.h */,
				957666071641368D00B68687 /* UIButton.m */,
				9576660A164136E300B68687 /* UIBarButtonItem.h */,
				9576660B164136E300B68687 /* UIBarButtonItem.m */,
			);
			name = "User interface";
			sourceTree = "<group>";
		};
		957666261641569D00B68687 /* Plist */ = {
			isa = PBXGroup;
			children = (
				95766627164156AA00B68687 /* MagboardInstructions.plist */,
			);
			name = Plist;
			sourceTree = "<group>";
		};
/* End PBXGroup section */

/* Begin PBXNativeTarget section */
		95766561164125B400B68687 /* MagBoard */ = {
			isa = PBXNativeTarget;
			buildConfigurationList = 9576659B164125B400B68687 /* Build configuration list for PBXNativeTarget "MagBoard" */;
			buildPhases = (
				9576655E164125B400B68687 /* Sources */,
				9576655F164125B400B68687 /* Frameworks */,
				95766560164125B400B68687 /* Resources */,
				BA5A63AB14B74E23BB32FC08 /* Copy Pods Resources */,
			);
			buildRules = (
			);
			dependencies = (
			);
			name = MagBoard;
			productName = MagBoard;
			productReference = 95766562164125B400B68687 /* MagBoard.app */;
			productType = "com.apple.product-type.application";
		};
		95766587164125B400B68687 /* MagBoardTests */ = {
			isa = PBXNativeTarget;
			buildConfigurationList = 9576659E164125B400B68687 /* Build configuration list for PBXNativeTarget "MagBoardTests" */;
			buildPhases = (
				95766583164125B400B68687 /* Sources */,
				95766584164125B400B68687 /* Frameworks */,
				95766585164125B400B68687 /* Resources */,
				95766586164125B400B68687 /* ShellScript */,
			);
			buildRules = (
			);
			dependencies = (
				9576658F164125B400B68687 /* PBXTargetDependency */,
			);
			name = MagBoardTests;
			productName = MagBoardTests;
			productReference = 95766588164125B400B68687 /* MagBoardTests.octest */;
			productType = "com.apple.product-type.bundle";
		};
/* End PBXNativeTarget section */

/* Begin PBXProject section */
		95766559164125B400B68687 /* Project object */ = {
			isa = PBXProject;
			attributes = {
				LastUpgradeCheck = 0450;
				ORGANIZATIONNAME = "Dennis de Jong";
			};
			buildConfigurationList = 9576655C164125B400B68687 /* Build configuration list for PBXProject "MagBoard" */;
			compatibilityVersion = "Xcode 3.2";
			developmentRegion = English;
			hasScannedForEncodings = 0;
			knownRegions = (
				en,
			);
			mainGroup = 95766557164125B400B68687;
			productRefGroup = 95766563164125B400B68687 /* Products */;
			projectDirPath = "";
			projectRoot = "";
			targets = (
				95766561164125B400B68687 /* MagBoard */,
				95766587164125B400B68687 /* MagBoardTests */,
			);
		};
/* End PBXProject section */

/* Begin PBXResourcesBuildPhase section */
		95766560164125B400B68687 /* Resources */ = {
			isa = PBXResourcesBuildPhase;
			buildActionMask = 2147483647;
			files = (
				95766573164125B400B68687 /* InfoPlist.strings in Resources */,
				9576657B164125B400B68687 /* Default.png in Resources */,
				9576657D164125B400B68687 /* Default@2x.png in Resources */,
				9576657F164125B400B68687 /* Default-568h@2x.png in Resources */,
				957665DE1641338800B68687 /* back_button_top.png in Resources */,
				957665DF1641338800B68687 /* button_full_width_grey.png in Resources */,
				957665E01641338800B68687 /* button_half_grey.png in Resources */,
				957665E11641338800B68687 /* input_black_full_width.png in Resources */,
				957665E21641338800B68687 /* logo.png in Resources */,
				957665E31641338800B68687 /* navbar.png in Resources */,
				957665E41641338800B68687 /* order_holder_completed.png in Resources */,
				957665E51641338800B68687 /* order_holder_pending.png in Resources */,
				957665E61641338800B68687 /* order_holder_processing.png in Resources */,
				957665F11641339800B68687 /* back_button_top@2x.png in Resources */,
				957665F21641339800B68687 /* button_full_width_grey@2x.png in Resources */,
				957665F31641339800B68687 /* button_half_grey@2x.png in Resources */,
				957665F41641339800B68687 /* input_black_full_width@2x.png in Resources */,
				957665F51641339800B68687 /* linnen_bg@2x.png in Resources */,
				957665F61641339800B68687 /* logo@2x.png in Resources */,
				957665F71641339800B68687 /* navbar@2x.png in Resources */,
				957665F81641339800B68687 /* order_holder_completed@2x.png in Resources */,
				957665F91641339800B68687 /* order_holder_pending@2x.png in Resources */,
				957665FA1641339800B68687 /* order_holder_processing@2x.png in Resources */,
				9576662316414D1300B68687 /* no_shops_text.png in Resources */,
				9576662516414D2400B68687 /* no_shops_text@2x.png in Resources */,
				95766628164156AA00B68687 /* MagboardInstructions.plist in Resources */,
				959963F916483FC100DBB279 /* settings_button.png in Resources */,
				959963FC16483FD100DBB279 /* settings_button@2x.png in Resources */,
				9599640516491B7100DBB279 /* screenshot_webshop.png in Resources */,
				9599640816491B7C00DBB279 /* screenshot_webshop@2x.png in Resources */,
				95B0B9EA1649ABD100061DD2 /* bar_button_empty.png in Resources */,
				95B0B9ED1649ABDC00061DD2 /* bar_button_empty@2x.png in Resources */,
				95924B90164A78AE0082A391 /* order_holder_canceled.png in Resources */,
				95924B93164A78BC0082A391 /* order_holder_canceled@2x.png in Resources */,
			);
			runOnlyForDeploymentPostprocessing = 0;
		};
		95766585164125B400B68687 /* Resources */ = {
			isa = PBXResourcesBuildPhase;
			buildActionMask = 2147483647;
			files = (
				95766595164125B400B68687 /* InfoPlist.strings in Resources */,
			);
			runOnlyForDeploymentPostprocessing = 0;
		};
/* End PBXResourcesBuildPhase section */

/* Begin PBXShellScriptBuildPhase section */
		95766586164125B400B68687 /* ShellScript */ = {
			isa = PBXShellScriptBuildPhase;
			buildActionMask = 2147483647;
			files = (
			);
			inputPaths = (
			);
			outputPaths = (
			);
			runOnlyForDeploymentPostprocessing = 0;
			shellPath = /bin/sh;
			shellScript = "# Run the unit tests in this test bundle.\n\"${SYSTEM_DEVELOPER_DIR}/Tools/RunUnitTests\"\n";
		};
		BA5A63AB14B74E23BB32FC08 /* Copy Pods Resources */ = {
			isa = PBXShellScriptBuildPhase;
			buildActionMask = 2147483647;
			files = (
			);
			inputPaths = (
			);
			name = "Copy Pods Resources";
			outputPaths = (
			);
			runOnlyForDeploymentPostprocessing = 0;
			shellPath = /bin/sh;
			shellScript = "\"${SRCROOT}/Pods/Pods-resources.sh\"\n";
		};
/* End PBXShellScriptBuildPhase section */

/* Begin PBXSourcesBuildPhase section */
		9576655E164125B400B68687 /* Sources */ = {
			isa = PBXSourcesBuildPhase;
			buildActionMask = 2147483647;
			files = (
				95766575164125B400B68687 /* main.m in Sources */,
				95766579164125B400B68687 /* AppDelegate.m in Sources */,
				95766582164125B400B68687 /* MagBoard.xcdatamodeld in Sources */,
				957665D41641328900B68687 /* CustomNavBar.m in Sources */,
				957666081641368D00B68687 /* UIButton.m in Sources */,
				9576660C164136E300B68687 /* UIBarButtonItem.m in Sources */,
				9576660F164138B700B68687 /* AllWebshopsVC.m in Sources */,
				9576661216413CDB00B68687 /* Webshop.m in Sources */,
				95766615164142D700B68687 /* ShopSingleton.m in Sources */,
				9576661B1641446F00B68687 /* OrdersVC.m in Sources */,
				9576661E16414BFD00B68687 /* AddShopVC.m in Sources */,
				9576662116414C2000B68687 /* InstructionsVC.m in Sources */,
				CEC8C3F51647C17B0086A96E /* OrderInfoVC.m in Sources */,
				CE8585881647DE3100F94506 /* OrderSingleton.m in Sources */,
				9599640B1649396400DBB279 /* EditShopVC.m in Sources */,
			);
			runOnlyForDeploymentPostprocessing = 0;
		};
		95766583164125B400B68687 /* Sources */ = {
			isa = PBXSourcesBuildPhase;
			buildActionMask = 2147483647;
			files = (
				95766598164125B400B68687 /* MagBoardTests.m in Sources */,
			);
			runOnlyForDeploymentPostprocessing = 0;
		};
/* End PBXSourcesBuildPhase section */

/* Begin PBXTargetDependency section */
		9576658F164125B400B68687 /* PBXTargetDependency */ = {
			isa = PBXTargetDependency;
			target = 95766561164125B400B68687 /* MagBoard */;
			targetProxy = 9576658E164125B400B68687 /* PBXContainerItemProxy */;
		};
/* End PBXTargetDependency section */

/* Begin PBXVariantGroup section */
		95766571164125B400B68687 /* InfoPlist.strings */ = {
			isa = PBXVariantGroup;
			children = (
				95766572164125B400B68687 /* en */,
			);
			name = InfoPlist.strings;
			sourceTree = "<group>";
		};
		95766593164125B400B68687 /* InfoPlist.strings */ = {
			isa = PBXVariantGroup;
			children = (
				95766594164125B400B68687 /* en */,
			);
			name = InfoPlist.strings;
			sourceTree = "<group>";
		};
/* End PBXVariantGroup section */

/* Begin XCBuildConfiguration section */
		95766599164125B400B68687 /* Debug */ = {
			isa = XCBuildConfiguration;
			buildSettings = {
				ALWAYS_SEARCH_USER_PATHS = NO;
				CLANG_CXX_LANGUAGE_STANDARD = "gnu++0x";
				CLANG_CXX_LIBRARY = "libc++";
				CLANG_ENABLE_OBJC_ARC = YES;
				CLANG_WARN_EMPTY_BODY = YES;
				CLANG_WARN__DUPLICATE_METHOD_MATCH = YES;
				"CODE_SIGN_IDENTITY[sdk=iphoneos*]" = "iPhone Developer";
				COPY_PHASE_STRIP = NO;
				GCC_C_LANGUAGE_STANDARD = gnu99;
				GCC_DYNAMIC_NO_PIC = NO;
				GCC_OPTIMIZATION_LEVEL = 0;
				GCC_PREPROCESSOR_DEFINITIONS = (
					"DEBUG=1",
					"$(inherited)",
				);
				GCC_SYMBOLS_PRIVATE_EXTERN = NO;
				GCC_WARN_ABOUT_RETURN_TYPE = YES;
				GCC_WARN_UNINITIALIZED_AUTOS = YES;
				GCC_WARN_UNUSED_VARIABLE = YES;
				IPHONEOS_DEPLOYMENT_TARGET = 5.0;
				ONLY_ACTIVE_ARCH = YES;
				SDKROOT = iphoneos;
			};
			name = Debug;
		};
		9576659A164125B400B68687 /* Release */ = {
			isa = XCBuildConfiguration;
			buildSettings = {
				ALWAYS_SEARCH_USER_PATHS = NO;
				CLANG_CXX_LANGUAGE_STANDARD = "gnu++0x";
				CLANG_CXX_LIBRARY = "libc++";
				CLANG_ENABLE_OBJC_ARC = YES;
				CLANG_WARN_EMPTY_BODY = YES;
				CLANG_WARN__DUPLICATE_METHOD_MATCH = YES;
				"CODE_SIGN_IDENTITY[sdk=iphoneos*]" = "iPhone Developer";
				COPY_PHASE_STRIP = YES;
				GCC_C_LANGUAGE_STANDARD = gnu99;
				GCC_WARN_ABOUT_RETURN_TYPE = YES;
				GCC_WARN_UNINITIALIZED_AUTOS = YES;
				GCC_WARN_UNUSED_VARIABLE = YES;
				IPHONEOS_DEPLOYMENT_TARGET = 5.0;
				OTHER_CFLAGS = "-DNS_BLOCK_ASSERTIONS=1";
				SDKROOT = iphoneos;
				VALIDATE_PRODUCT = YES;
			};
			name = Release;
		};
		9576659C164125B400B68687 /* Debug */ = {
			isa = XCBuildConfiguration;
			baseConfigurationReference = 8886B73E60E04F26BDA416E3 /* Pods.xcconfig */;
			buildSettings = {
				GCC_PRECOMPILE_PREFIX_HEADER = YES;
				GCC_PREFIX_HEADER = "MagBoard/MagBoard-Prefix.pch";
				INFOPLIST_FILE = "MagBoard/MagBoard-Info.plist";
				PRODUCT_NAME = "$(TARGET_NAME)";
				WRAPPER_EXTENSION = app;
			};
			name = Debug;
		};
		9576659D164125B400B68687 /* Release */ = {
			isa = XCBuildConfiguration;
			baseConfigurationReference = 8886B73E60E04F26BDA416E3 /* Pods.xcconfig */;
			buildSettings = {
				GCC_PRECOMPILE_PREFIX_HEADER = YES;
				GCC_PREFIX_HEADER = "MagBoard/MagBoard-Prefix.pch";
				INFOPLIST_FILE = "MagBoard/MagBoard-Info.plist";
				PRODUCT_NAME = "$(TARGET_NAME)";
				WRAPPER_EXTENSION = app;
			};
			name = Release;
		};
		9576659F164125B400B68687 /* Debug */ = {
			isa = XCBuildConfiguration;
			buildSettings = {
				BUNDLE_LOADER = "$(BUILT_PRODUCTS_DIR)/MagBoard.app/MagBoard";
				FRAMEWORK_SEARCH_PATHS = (
					"\"$(SDKROOT)/Developer/Library/Frameworks\"",
					"\"$(DEVELOPER_LIBRARY_DIR)/Frameworks\"",
				);
				GCC_PRECOMPILE_PREFIX_HEADER = YES;
				GCC_PREFIX_HEADER = "MagBoard/MagBoard-Prefix.pch";
				INFOPLIST_FILE = "MagBoardTests/MagBoardTests-Info.plist";
				PRODUCT_NAME = "$(TARGET_NAME)";
				TEST_HOST = "$(BUNDLE_LOADER)";
				WRAPPER_EXTENSION = octest;
			};
			name = Debug;
		};
		957665A0164125B400B68687 /* Release */ = {
			isa = XCBuildConfiguration;
			buildSettings = {
				BUNDLE_LOADER = "$(BUILT_PRODUCTS_DIR)/MagBoard.app/MagBoard";
				FRAMEWORK_SEARCH_PATHS = (
					"\"$(SDKROOT)/Developer/Library/Frameworks\"",
					"\"$(DEVELOPER_LIBRARY_DIR)/Frameworks\"",
				);
				GCC_PRECOMPILE_PREFIX_HEADER = YES;
				GCC_PREFIX_HEADER = "MagBoard/MagBoard-Prefix.pch";
				INFOPLIST_FILE = "MagBoardTests/MagBoardTests-Info.plist";
				PRODUCT_NAME = "$(TARGET_NAME)";
				TEST_HOST = "$(BUNDLE_LOADER)";
				WRAPPER_EXTENSION = octest;
			};
			name = Release;
		};
/* End XCBuildConfiguration section */

/* Begin XCConfigurationList section */
		9576655C164125B400B68687 /* Build configuration list for PBXProject "MagBoard" */ = {
			isa = XCConfigurationList;
			buildConfigurations = (
				95766599164125B400B68687 /* Debug */,
				9576659A164125B400B68687 /* Release */,
			);
			defaultConfigurationIsVisible = 0;
			defaultConfigurationName = Release;
		};
		9576659B164125B400B68687 /* Build configuration list for PBXNativeTarget "MagBoard" */ = {
			isa = XCConfigurationList;
			buildConfigurations = (
				9576659C164125B400B68687 /* Debug */,
				9576659D164125B400B68687 /* Release */,
			);
			defaultConfigurationIsVisible = 0;
			defaultConfigurationName = Release;
		};
		9576659E164125B400B68687 /* Build configuration list for PBXNativeTarget "MagBoardTests" */ = {
			isa = XCConfigurationList;
			buildConfigurations = (
				9576659F164125B400B68687 /* Debug */,
				957665A0164125B400B68687 /* Release */,
			);
			defaultConfigurationIsVisible = 0;
			defaultConfigurationName = Release;
		};
/* End XCConfigurationList section */

/* Begin XCVersionGroup section */
		95766580164125B400B68687 /* MagBoard.xcdatamodeld */ = {
			isa = XCVersionGroup;
			children = (
				95766581164125B400B68687 /* MagBoard.xcdatamodel */,
			);
			currentVersion = 95766581164125B400B68687 /* MagBoard.xcdatamodel */;
			path = MagBoard.xcdatamodeld;
			sourceTree = "<group>";
			versionGroupType = wrapper.xcdatamodel;
		};
/* End XCVersionGroup section */
	};
	rootObject = 95766559164125B400B68687 /* Project object */;
}
